{
  "version": 4,
  "terraform_version": "1.5.7",
  "serial": 180,
  "lineage": "cec77a7f-cc9d-19cb-fb71-4b246cfa9998",
  "outputs": {
    "api_gateway": {
      "value": "https://4ok4lit3qf.execute-api.ap-southeast-1.amazonaws.com/cognigy_escalation/connect",
      "type": "string"
    }
  },
  "resources": [
    {
      "mode": "data",
      "type": "aws_connect_contact_flow",
      "name": "default_outbound",
      "provider": "provider[\"registry.terraform.io/hashicorp/aws\"]",
      "instances": [
        {
          "schema_version": 0,
          "attributes": {
            "arn": "arn:aws:connect:ap-southeast-1:117134819170:instance/b97011d2-58db-4092-a32a-76e6b5a820ad/contact-flow/8b399489-dfdd-4517-8f61-af950da181be",
            "contact_flow_id": "8b399489-dfdd-4517-8f61-af950da181be",
            "content": "{\"Version\":\"2019-10-30\",\"StartAction\":\"c2a77b6b-1579-4870-abf1-bf45f7fa6197\",\"Metadata\":{\"entryPointPosition\":{\"x\":75,\"y\":20},\"snapToGrid\":false,\"ActionMetadata\":{\"fe0cff31-99e2-4b4a-b1ec-ff7baa711d7b\":{\"position\":{\"x\":658,\"y\":131}},\"c2a77b6b-1579-4870-abf1-bf45f7fa6197\":{\"position\":{\"x\":224,\"y\":56}},\"7e89227a-8e96-459d-b243-379815f05ecc\":{\"position\":{\"x\":452,\"y\":107},\"useDynamic\":false}}},\"Actions\":[{\"Identifier\":\"fe0cff31-99e2-4b4a-b1ec-ff7baa711d7b\",\"Parameters\":{},\"Transitions\":{},\"Type\":\"EndFlowExecution\"},{\"Identifier\":\"c2a77b6b-1579-4870-abf1-bf45f7fa6197\",\"Parameters\":{\"RecordingBehavior\":{\"RecordedParticipants\":[]}},\"Transitions\":{\"NextAction\":\"7e89227a-8e96-459d-b243-379815f05ecc\",\"Errors\":[],\"Conditions\":[]},\"Type\":\"UpdateContactRecordingBehavior\"},{\"Identifier\":\"7e89227a-8e96-459d-b243-379815f05ecc\",\"Parameters\":{\"Text\":\"This call is not being recorded.\"},\"Transitions\":{\"NextAction\":\"fe0cff31-99e2-4b4a-b1ec-ff7baa711d7b\",\"Errors\":[],\"Conditions\":[]},\"Type\":\"MessageParticipant\"}]}",
            "description": "Default flow for outbound calls.",
            "id": "b97011d2-58db-4092-a32a-76e6b5a820ad:8b399489-dfdd-4517-8f61-af950da181be",
            "instance_id": "b97011d2-58db-4092-a32a-76e6b5a820ad",
            "name": "Default outbound",
            "region": "ap-southeast-1",
            "tags": {},
            "type": "OUTBOUND_WHISPER"
          },
          "sensitive_attributes": []
        }
      ]
    },
    {
      "mode": "managed",
      "type": "aws_api_gateway_deployment",
      "name": "call_service_api_deployment",
      "provider": "provider[\"registry.terraform.io/hashicorp/aws\"]",
      "instances": [
        {
          "schema_version": 0,
          "attributes": {
            "created_date": "2026-02-11T05:41:43Z",
            "description": "Automated deployment from Terraform - 2026-02-11T05:45:52Z",
            "id": "2mx5bm",
            "region": "ap-southeast-1",
            "rest_api_id": "4ok4lit3qf",
            "triggers": {
              "redeployment": "84aed991ca58f5cd963c38e5e9c2f5b9c74c241e"
            },
            "variables": null
          },
          "sensitive_attributes": [],
          "private": "bnVsbA==",
          "dependencies": [
            "aws_api_gateway_integration.cognigy_escalation_options",
            "aws_api_gateway_integration.cognigy_escalation_post",
            "aws_api_gateway_method.cognigy_escalation_options",
            "aws_api_gateway_method.cognigy_escalation_post",
            "aws_api_gateway_rest_api.cognigy_escalation"
          ],
          "create_before_destroy": true
        }
      ]
    },
    {
      "mode": "managed",
      "type": "aws_api_gateway_gateway_response",
      "name": "cognigy_escalation_4xx",
      "provider": "provider[\"registry.terraform.io/hashicorp/aws\"]",
      "instances": [
        {
          "schema_version": 0,
          "attributes": {
            "id": "aggr-4ok4lit3qf-DEFAULT_4XX",
            "region": "ap-southeast-1",
            "response_parameters": {
              "gatewayresponse.header.Access-Control-Allow-Headers": "'Content-Type,X-Amz-Date,Authorization,X-Api-Key,X-Amz-Security-Token'",
              "gatewayresponse.header.Access-Control-Allow-Methods": "'GET,OPTIONS,POST'",
              "gatewayresponse.header.Access-Control-Allow-Origin": "'*'"
            },
            "response_templates": {
              "application/json": "{\"message\":$context.error.messageString}"
            },
            "response_type": "DEFAULT_4XX",
            "rest_api_id": "4ok4lit3qf",
            "status_code": ""
          },
          "sensitive_attributes": [],
          "private": "bnVsbA==",
          "dependencies": [
            "aws_api_gateway_rest_api.cognigy_escalation"
          ]
        }
      ]
    },
    {
      "mode": "managed",
      "type": "aws_api_gateway_gateway_response",
      "name": "cognigy_escalation_5xx",
      "provider": "provider[\"registry.terraform.io/hashicorp/aws\"]",
      "instances": [
        {
          "schema_version": 0,
          "attributes": {
            "id": "aggr-4ok4lit3qf-DEFAULT_5XX",
            "region": "ap-southeast-1",
            "response_parameters": {
              "gatewayresponse.header.Access-Control-Allow-Headers": "'Content-Type,X-Amz-Date,Authorization,X-Api-Key,X-Amz-Security-Token'",
              "gatewayresponse.header.Access-Control-Allow-Methods": "'GET,OPTIONS,POST'",
              "gatewayresponse.header.Access-Control-Allow-Origin": "'*'"
            },
            "response_templates": {
              "application/json": "{\"message\":$context.error.messageString}"
            },
            "response_type": "DEFAULT_5XX",
            "rest_api_id": "4ok4lit3qf",
            "status_code": ""
          },
          "sensitive_attributes": [],
          "private": "bnVsbA==",
          "dependencies": [
            "aws_api_gateway_rest_api.cognigy_escalation"
          ]
        }
      ]
    },
    {
      "mode": "managed",
      "type": "aws_api_gateway_integration",
      "name": "cognigy_escalation_options",
      "provider": "provider[\"registry.terraform.io/hashicorp/aws\"]",
      "instances": [
        {
          "schema_version": 0,
          "attributes": {
            "cache_key_parameters": [],
            "cache_namespace": "z43nhv",
            "connection_id": "",
            "connection_type": "INTERNET",
            "content_handling": "",
            "credentials": "",
            "http_method": "OPTIONS",
            "id": "agi-4ok4lit3qf-z43nhv-OPTIONS",
            "integration_http_method": "",
            "integration_target": "",
            "passthrough_behavior": "WHEN_NO_MATCH",
            "region": "ap-southeast-1",
            "request_parameters": {},
            "request_templates": {
              "application/json": "{\"statusCode\": 200}"
            },
            "resource_id": "z43nhv",
            "response_transfer_mode": "BUFFERED",
            "rest_api_id": "4ok4lit3qf",
            "timeout_milliseconds": 29000,
            "tls_config": [],
            "type": "MOCK",
            "uri": ""
          },
          "sensitive_attributes": [],
          "private": "bnVsbA==",
          "dependencies": [
            "aws_api_gateway_method.cognigy_escalation_options",
            "aws_api_gateway_resource.cognigy_escalation",
            "aws_api_gateway_rest_api.cognigy_escalation"
          ],
          "create_before_destroy": true
        }
      ]
    },
    {
      "mode": "managed",
      "type": "aws_api_gateway_integration",
      "name": "cognigy_escalation_post",
      "provider": "provider[\"registry.terraform.io/hashicorp/aws\"]",
      "instances": [
        {
          "schema_version": 0,
          "attributes": {
            "cache_key_parameters": [],
            "cache_namespace": "z43nhv",
            "connection_id": "",
            "connection_type": "INTERNET",
            "content_handling": "CONVERT_TO_TEXT",
            "credentials": "",
            "http_method": "POST",
            "id": "agi-4ok4lit3qf-z43nhv-POST",
            "integration_http_method": "POST",
            "integration_target": "",
            "passthrough_behavior": "WHEN_NO_MATCH",
            "region": "ap-southeast-1",
            "request_parameters": {},
            "request_templates": {},
            "resource_id": "z43nhv",
            "response_transfer_mode": "BUFFERED",
            "rest_api_id": "4ok4lit3qf",
            "timeout_milliseconds": 29000,
            "tls_config": [],
            "type": "AWS",
            "uri": "arn:aws:apigateway:ap-southeast-1:lambda:path/2015-03-31/functions/arn:aws:lambda:ap-southeast-1:117134819170:function:song_cognigy_escalation/invocations"
          },
          "sensitive_attributes": [],
          "private": "bnVsbA==",
          "dependencies": [
            "aws_api_gateway_method.cognigy_escalation_options",
            "aws_api_gateway_method.cognigy_escalation_post",
            "aws_api_gateway_resource.cognigy_escalation",
            "aws_api_gateway_rest_api.cognigy_escalation",
            "aws_connect_contact_flow.customer_queue",
            "aws_connect_contact_flow.disconnect_flow",
            "aws_connect_contact_flow.inbound_flow",
            "aws_connect_hours_of_operation.song",
            "aws_connect_instance.song",
            "aws_connect_queue.sales",
            "aws_iam_role.iam_role_lambda_cognigy_escalation",
            "aws_lambda_function.lambda_cognigy_escalation",
            "aws_lambda_layer_version.lambda_layer_connect",
            "data.aws_connect_contact_flow.default_outbound"
          ],
          "create_before_destroy": true
        }
      ]
    },
    {
      "mode": "managed",
      "type": "aws_api_gateway_integration_response",
      "name": "cognigy_escalation_options",
      "provider": "provider[\"registry.terraform.io/hashicorp/aws\"]",
      "instances": [
        {
          "schema_version": 0,
          "attributes": {
            "content_handling": "",
            "http_method": "OPTIONS",
            "id": "agir-4ok4lit3qf-z43nhv-OPTIONS-200",
            "region": "ap-southeast-1",
            "resource_id": "z43nhv",
            "response_parameters": {
              "method.response.header.Access-Control-Allow-Headers": "'Content-Type,X-Amz-Date,Authorization,X-Api-Key,X-Amz-Security-Token'",
              "method.response.header.Access-Control-Allow-Methods": "'GET,OPTIONS,POST'",
              "method.response.header.Access-Control-Allow-Origin": "'*'"
            },
            "response_templates": {},
            "rest_api_id": "4ok4lit3qf",
            "selection_pattern": "",
            "status_code": "200"
          },
          "sensitive_attributes": [],
          "private": "bnVsbA==",
          "dependencies": [
            "aws_api_gateway_integration.cognigy_escalation_options",
            "aws_api_gateway_method.cognigy_escalation_options",
            "aws_api_gateway_resource.cognigy_escalation",
            "aws_api_gateway_rest_api.cognigy_escalation"
          ]
        }
      ]
    },
    {
      "mode": "managed",
      "type": "aws_api_gateway_integration_response",
      "name": "cognigy_escalation_post",
      "provider": "provider[\"registry.terraform.io/hashicorp/aws\"]",
      "instances": [
        {
          "schema_version": 0,
          "attributes": {
            "content_handling": "",
            "http_method": "POST",
            "id": "agir-4ok4lit3qf-z43nhv-POST-200",
            "region": "ap-southeast-1",
            "resource_id": "z43nhv",
            "response_parameters": {
              "method.response.header.Access-Control-Allow-Origin": "'*'"
            },
            "response_templates": {},
            "rest_api_id": "4ok4lit3qf",
            "selection_pattern": "",
            "status_code": "200"
          },
          "sensitive_attributes": [],
          "private": "bnVsbA==",
          "dependencies": [
            "aws_api_gateway_integration.cognigy_escalation_post",
            "aws_api_gateway_method.cognigy_escalation_options",
            "aws_api_gateway_method.cognigy_escalation_post",
            "aws_api_gateway_resource.cognigy_escalation",
            "aws_api_gateway_rest_api.cognigy_escalation",
            "aws_connect_contact_flow.customer_queue",
            "aws_connect_contact_flow.disconnect_flow",
            "aws_connect_contact_flow.inbound_flow",
            "aws_connect_hours_of_operation.song",
            "aws_connect_instance.song",
            "aws_connect_queue.sales",
            "aws_iam_role.iam_role_lambda_cognigy_escalation",
            "aws_lambda_function.lambda_cognigy_escalation",
            "aws_lambda_layer_version.lambda_layer_connect",
            "data.aws_connect_contact_flow.default_outbound"
          ]
        }
      ]
    },
    {
      "mode": "managed",
      "type": "aws_api_gateway_method",
      "name": "cognigy_escalation_options",
      "provider": "provider[\"registry.terraform.io/hashicorp/aws\"]",
      "instances": [
        {
          "schema_version": 0,
          "attributes": {
            "api_key_required": false,
            "authorization": "NONE",
            "authorization_scopes": [],
            "authorizer_id": "",
            "http_method": "OPTIONS",
            "id": "agm-4ok4lit3qf-z43nhv-OPTIONS",
            "operation_name": "",
            "region": "ap-southeast-1",
            "request_models": {},
            "request_parameters": {},
            "request_validator_id": "",
            "resource_id": "z43nhv",
            "rest_api_id": "4ok4lit3qf"
          },
          "sensitive_attributes": [],
          "private": "bnVsbA==",
          "dependencies": [
            "aws_api_gateway_resource.cognigy_escalation",
            "aws_api_gateway_rest_api.cognigy_escalation"
          ],
          "create_before_destroy": true
        }
      ]
    },
    {
      "mode": "managed",
      "type": "aws_api_gateway_method",
      "name": "cognigy_escalation_post",
      "provider": "provider[\"registry.terraform.io/hashicorp/aws\"]",
      "instances": [
        {
          "schema_version": 0,
          "attributes": {
            "api_key_required": false,
            "authorization": "NONE",
            "authorization_scopes": [],
            "authorizer_id": "",
            "http_method": "POST",
            "id": "agm-4ok4lit3qf-z43nhv-POST",
            "operation_name": "",
            "region": "ap-southeast-1",
            "request_models": {},
            "request_parameters": {},
            "request_validator_id": "",
            "resource_id": "z43nhv",
            "rest_api_id": "4ok4lit3qf"
          },
          "sensitive_attributes": [],
          "private": "bnVsbA==",
          "dependencies": [
            "aws_api_gateway_resource.cognigy_escalation",
            "aws_api_gateway_rest_api.cognigy_escalation"
          ],
          "create_before_destroy": true
        }
      ]
    },
    {
      "mode": "managed",
      "type": "aws_api_gateway_method_response",
      "name": "cognigy_escalation_options",
      "provider": "provider[\"registry.terraform.io/hashicorp/aws\"]",
      "instances": [
        {
          "schema_version": 0,
          "attributes": {
            "http_method": "OPTIONS",
            "id": "agmr-4ok4lit3qf-z43nhv-OPTIONS-200",
            "region": "ap-southeast-1",
            "resource_id": "z43nhv",
            "response_models": {
              "application/json": "Empty"
            },
            "response_parameters": {
              "method.response.header.Access-Control-Allow-Headers": true,
              "method.response.header.Access-Control-Allow-Methods": true,
              "method.response.header.Access-Control-Allow-Origin": true
            },
            "rest_api_id": "4ok4lit3qf",
            "status_code": "200"
          },
          "sensitive_attributes": [],
          "private": "bnVsbA==",
          "dependencies": [
            "aws_api_gateway_method.cognigy_escalation_options",
            "aws_api_gateway_resource.cognigy_escalation",
            "aws_api_gateway_rest_api.cognigy_escalation"
          ]
        }
      ]
    },
    {
      "mode": "managed",
      "type": "aws_api_gateway_method_response",
      "name": "cognigy_escalation_post",
      "provider": "provider[\"registry.terraform.io/hashicorp/aws\"]",
      "instances": [
        {
          "schema_version": 0,
          "attributes": {
            "http_method": "POST",
            "id": "agmr-4ok4lit3qf-z43nhv-POST-200",
            "region": "ap-southeast-1",
            "resource_id": "z43nhv",
            "response_models": {
              "application/json": "Empty"
            },
            "response_parameters": {
              "method.response.header.Access-Control-Allow-Origin": true
            },
            "rest_api_id": "4ok4lit3qf",
            "status_code": "200"
          },
          "sensitive_attributes": [],
          "private": "bnVsbA==",
          "dependencies": [
            "aws_api_gateway_method.cognigy_escalation_post",
            "aws_api_gateway_resource.cognigy_escalation",
            "aws_api_gateway_rest_api.cognigy_escalation"
          ]
        }
      ]
    },
    {
      "mode": "managed",
      "type": "aws_api_gateway_resource",
      "name": "cognigy_escalation",
      "provider": "provider[\"registry.terraform.io/hashicorp/aws\"]",
      "instances": [
        {
          "schema_version": 0,
          "attributes": {
            "id": "z43nhv",
            "parent_id": "4i2pf875e5",
            "path": "/connect",
            "path_part": "connect",
            "region": "ap-southeast-1",
            "rest_api_id": "4ok4lit3qf"
          },
          "sensitive_attributes": [],
          "private": "bnVsbA==",
          "dependencies": [
            "aws_api_gateway_rest_api.cognigy_escalation"
          ],
          "create_before_destroy": true
        }
      ]
    },
    {
      "mode": "managed",
      "type": "aws_api_gateway_rest_api",
      "name": "cognigy_escalation",
      "provider": "provider[\"registry.terraform.io/hashicorp/aws\"]",
      "instances": [
        {
          "schema_version": 0,
          "attributes": {
            "api_key_source": "HEADER",
            "arn": "arn:aws:apigateway:ap-southeast-1::/restapis/4ok4lit3qf",
            "binary_media_types": [],
            "body": null,
            "created_date": "2026-02-11T03:03:02Z",
            "description": "cognigy_escalation",
            "disable_execute_api_endpoint": false,
            "endpoint_configuration": [
              {
                "ip_address_type": "ipv4",
                "types": [
                  "REGIONAL"
                ],
                "vpc_endpoint_ids": []
              }
            ],
            "execution_arn": "arn:aws:execute-api:ap-southeast-1:117134819170:4ok4lit3qf",
            "fail_on_warnings": null,
            "id": "4ok4lit3qf",
            "minimum_compression_size": "",
            "name": "cognigy_escalation",
            "parameters": null,
            "policy": "{\"Version\":\"2012-10-17\",\"Statement\":[{\"Effect\":\"Allow\",\"Principal\":\"*\",\"Action\":\"execute-api:Invoke\",\"Resource\":\"arn:aws:execute-api:ap-southeast-1:117134819170:*/*\"}]}",
            "put_rest_api_mode": null,
            "region": "ap-southeast-1",
            "root_resource_id": "4i2pf875e5",
            "tags": {},
            "tags_all": {}
          },
          "sensitive_attributes": [],
          "private": "bnVsbA==",
          "create_before_destroy": true
        }
      ]
    },
    {
      "mode": "managed",
      "type": "aws_api_gateway_rest_api_policy",
      "name": "cognigy_escalation",
      "provider": "provider[\"registry.terraform.io/hashicorp/aws\"]",
      "instances": [
        {
          "schema_version": 0,
          "attributes": {
            "id": "4ok4lit3qf",
            "policy": "{\"Version\":\"2012-10-17\",\"Statement\":[{\"Effect\":\"Allow\",\"Principal\":\"*\",\"Action\":\"execute-api:Invoke\",\"Resource\":\"arn:aws:execute-api:ap-southeast-1:117134819170:*/*\"}]}",
            "region": "ap-southeast-1",
            "rest_api_id": "4ok4lit3qf"
          },
          "sensitive_attributes": [],
          "private": "bnVsbA==",
          "dependencies": [
            "aws_api_gateway_rest_api.cognigy_escalation"
          ]
        }
      ]
    },
    {
      "mode": "managed",
      "type": "aws_api_gateway_stage",
      "name": "cognigy_escalation",
      "provider": "provider[\"registry.terraform.io/hashicorp/aws\"]",
      "instances": [
        {
          "schema_version": 0,
          "attributes": {
            "access_log_settings": [],
            "arn": "arn:aws:apigateway:ap-southeast-1::/restapis/4ok4lit3qf/stages/cognigy_escalation",
            "cache_cluster_enabled": false,
            "cache_cluster_size": "",
            "canary_settings": [],
            "client_certificate_id": "",
            "deployment_id": "2mx5bm",
            "description": "",
            "documentation_version": "",
            "execution_arn": "arn:aws:execute-api:ap-southeast-1:117134819170:4ok4lit3qf/cognigy_escalation",
            "id": "ags-4ok4lit3qf-cognigy_escalation",
            "invoke_url": "https://4ok4lit3qf.execute-api.ap-southeast-1.amazonaws.com/cognigy_escalation",
            "region": "ap-southeast-1",
            "rest_api_id": "4ok4lit3qf",
            "stage_name": "cognigy_escalation",
            "tags": {},
            "tags_all": {},
            "variables": {},
            "web_acl_arn": "",
            "xray_tracing_enabled": false
          },
          "sensitive_attributes": [],
          "private": "bnVsbA==",
          "dependencies": [
            "aws_api_gateway_deployment.call_service_api_deployment",
            "aws_api_gateway_integration.cognigy_escalation_options",
            "aws_api_gateway_integration.cognigy_escalation_post",
            "aws_api_gateway_method.cognigy_escalation_options",
            "aws_api_gateway_method.cognigy_escalation_post",
            "aws_api_gateway_resource.cognigy_escalation",
            "aws_api_gateway_rest_api.cognigy_escalation",
            "aws_connect_contact_flow.customer_queue",
            "aws_connect_contact_flow.disconnect_flow",
            "aws_connect_contact_flow.inbound_flow",
            "aws_connect_hours_of_operation.song",
            "aws_connect_instance.song",
            "aws_connect_queue.sales",
            "aws_iam_role.iam_role_lambda_cognigy_escalation",
            "aws_lambda_function.lambda_cognigy_escalation",
            "aws_lambda_layer_version.lambda_layer_connect",
            "data.aws_connect_contact_flow.default_outbound"
          ]
        }
      ]
    },
    {
      "mode": "managed",
      "type": "aws_cloudwatch_log_group",
      "name": "lambda_cognigy_escalation",
      "provider": "provider[\"registry.terraform.io/hashicorp/aws\"]",
      "instances": [
        {
          "schema_version": 0,
          "attributes": {
            "arn": "arn:aws:logs:ap-southeast-1:117134819170:log-group:/aws/lambda/song_cognigy_escalation",
            "deletion_protection_enabled": false,
            "id": "/aws/lambda/song_cognigy_escalation",
            "kms_key_id": "",
            "log_group_class": "STANDARD",
            "name": "/aws/lambda/song_cognigy_escalation",
            "name_prefix": "",
            "region": "ap-southeast-1",
            "retention_in_days": 7,
            "skip_destroy": false,
            "tags": {},
            "tags_all": {}
          },
          "sensitive_attributes": [],
          "private": "bnVsbA==",
          "dependencies": [
            "aws_connect_contact_flow.customer_queue",
            "aws_connect_contact_flow.disconnect_flow",
            "aws_connect_contact_flow.inbound_flow",
            "aws_connect_hours_of_operation.song",
            "aws_connect_instance.song",
            "aws_connect_queue.sales",
            "aws_iam_role.iam_role_lambda_cognigy_escalation",
            "aws_lambda_function.lambda_cognigy_escalation",
            "aws_lambda_layer_version.lambda_layer_connect",
            "data.aws_connect_contact_flow.default_outbound"
          ]
        }
      ]
    },
    {
      "mode": "managed",
      "type": "aws_connect_contact_flow",
      "name": "customer_queue",
      "provider": "provider[\"registry.terraform.io/hashicorp/aws\"]",
      "instances": [
        {
          "schema_version": 0,
          "attributes": {
            "arn": "arn:aws:connect:ap-southeast-1:117134819170:instance/b97011d2-58db-4092-a32a-76e6b5a820ad/contact-flow/201c4a44-733e-4e7a-b107-24497e245569",
            "contact_flow_id": "201c4a44-733e-4e7a-b107-24497e245569",
            "content": "{\"Actions\":[{\"Identifier\":\"36f28515-515b-40d5-9c41-1e67aa4555c7\",\"Parameters\":{\"Text\":\"Thank you for your chat. Your chat is very important to us and will be answered in the order it was received.\"},\"Transitions\":{\"Errors\":[{\"ErrorType\":\"NoMatchingError\",\"NextAction\":\"cd2f75c8-24ad-4c7c-89d6-d22df0acb21d\"}],\"NextAction\":\"c95e2fd8-684f-4b11-80ee-a4a3348f1e9b\"},\"Type\":\"MessageParticipant\"},{\"Identifier\":\"c95e2fd8-684f-4b11-80ee-a4a3348f1e9b\",\"Parameters\":{\"TimeLimitSeconds\":\"30\"},\"Transitions\":{\"Conditions\":[{\"Condition\":{\"Operands\":[\"WaitCompleted\"],\"Operator\":\"Equals\"},\"NextAction\":\"36f28515-515b-40d5-9c41-1e67aa4555c7\"}],\"Errors\":[{\"ErrorType\":\"NoMatchingError\",\"NextAction\":\"cd2f75c8-24ad-4c7c-89d6-d22df0acb21d\"}],\"NextAction\":\"cd2f75c8-24ad-4c7c-89d6-d22df0acb21d\"},\"Type\":\"Wait\"},{\"Identifier\":\"cd2f75c8-24ad-4c7c-89d6-d22df0acb21d\",\"Parameters\":{},\"Transitions\":{},\"Type\":\"EndFlowExecution\"}],\"Metadata\":{\"ActionMetadata\":{\"36f28515-515b-40d5-9c41-1e67aa4555c7\":{\"position\":{\"x\":392,\"y\":198.4}},\"c95e2fd8-684f-4b11-80ee-a4a3348f1e9b\":{\"parameters\":{\"TimeLimitSeconds\":{\"unit\":1}},\"position\":{\"x\":653.6,\"y\":200.8},\"timeoutUnit\":{\"display\":\"Seconds\",\"value\":\"second\"}},\"cd2f75c8-24ad-4c7c-89d6-d22df0acb21d\":{\"position\":{\"x\":663.2,\"y\":409.6}}},\"Annotations\":[],\"description\":\"Customer Queue flow for Cognigy Chat to Amazon Conenct Demo\",\"entryPointPosition\":{\"x\":242.4,\"y\":172},\"hash\":{},\"name\":\"Cognigy Customer Queue Flow\",\"status\":\"published\",\"type\":\"customerQueue\"},\"StartAction\":\"36f28515-515b-40d5-9c41-1e67aa4555c7\",\"Version\":\"2019-10-30\"}",
            "content_hash": null,
            "description": "Customer Queue flow for Cognigy Chat to Amazon Conenct Demo",
            "filename": null,
            "id": "b97011d2-58db-4092-a32a-76e6b5a820ad:201c4a44-733e-4e7a-b107-24497e245569",
            "instance_id": "b97011d2-58db-4092-a32a-76e6b5a820ad",
            "name": "Cognigy Customer Queue Flow",
            "region": "ap-southeast-1",
            "tags": {
              "Application": "Terraform",
              "Method": "Create",
              "Name": "Test Contact Flow"
            },
            "tags_all": {
              "Application": "Terraform",
              "Method": "Create",
              "Name": "Test Contact Flow"
            },
            "type": "CUSTOMER_QUEUE"
          },
          "sensitive_attributes": [],
          "private": "bnVsbA==",
          "dependencies": [
            "aws_connect_instance.song"
          ],
          "create_before_destroy": true
        }
      ]
    },
    {
      "mode": "managed",
      "type": "aws_connect_contact_flow",
      "name": "disconnect_flow",
      "provider": "provider[\"registry.terraform.io/hashicorp/aws\"]",
      "instances": [
        {
          "schema_version": 0,
          "attributes": {
            "arn": "arn:aws:connect:ap-southeast-1:117134819170:instance/b97011d2-58db-4092-a32a-76e6b5a820ad/contact-flow/63341c06-fc53-4c96-b935-7a100dd4bbf4",
            "contact_flow_id": "63341c06-fc53-4c96-b935-7a100dd4bbf4",
            "content": "{\"Actions\":[{\"Identifier\":\"44c598fe-2a67-4522-b3e9-6b6c09ae96b9\",\"Parameters\":{\"Text\":\"The agent has disconnected. If the customer sends a message in the next 15 minutes, the chat will pick up where it left off.\"},\"Transitions\":{\"NextAction\":\"cc927fd6-a3fd-437a-81d3-c38a5130468d\"},\"Type\":\"MessageParticipant\"},{\"Identifier\":\"cc927fd6-a3fd-437a-81d3-c38a5130468d\",\"Parameters\":{\"Events\":[\"CustomerReturned\"],\"TimeLimitSeconds\":\"900\"},\"Transitions\":{\"Conditions\":[{\"Condition\":{\"Operands\":[\"CustomerReturned\"],\"Operator\":\"Equals\"},\"NextAction\":\"3ba86427-44ee-4c18-9c11-f33ba8e65942\"},{\"Condition\":{\"Operands\":[\"WaitCompleted\"],\"Operator\":\"Equals\"},\"NextAction\":\"8b170d37-9ee6-4fea-b5d0-6fb2df662987\"}],\"Errors\":[{\"ErrorType\":\"NoMatchingError\",\"NextAction\":\"afd69f71-a5c0-4df2-88b1-68611856b3fc\"}],\"NextAction\":\"afd69f71-a5c0-4df2-88b1-68611856b3fc\"},\"Type\":\"Wait\"},{\"Identifier\":\"3ba86427-44ee-4c18-9c11-f33ba8e65942\",\"Parameters\":{\"Text\":\"You are now being transferred to queue to chat with another agent.\"},\"Transitions\":{\"NextAction\":\"616f94d7-de1d-4b2a-b503-cf37b9f9f6b5\"},\"Type\":\"MessageParticipant\"},{\"Identifier\":\"8b170d37-9ee6-4fea-b5d0-6fb2df662987\",\"Parameters\":{\"Text\":\"The timer has expired. Disconnecting.\"},\"Transitions\":{\"NextAction\":\"8e32b3b8-98d0-4614-a138-e9999a55b382\"},\"Type\":\"MessageParticipant\"},{\"Identifier\":\"afd69f71-a5c0-4df2-88b1-68611856b3fc\",\"Parameters\":{\"Text\":\"An error occurred.\"},\"Transitions\":{\"NextAction\":\"8e32b3b8-98d0-4614-a138-e9999a55b382\"},\"Type\":\"MessageParticipant\"},{\"Identifier\":\"616f94d7-de1d-4b2a-b503-cf37b9f9f6b5\",\"Parameters\":{},\"Transitions\":{\"Errors\":[{\"ErrorType\":\"QueueAtCapacity\",\"NextAction\":\"8e32b3b8-98d0-4614-a138-e9999a55b382\"},{\"ErrorType\":\"NoMatchingError\",\"NextAction\":\"8e32b3b8-98d0-4614-a138-e9999a55b382\"}],\"NextAction\":\"8e32b3b8-98d0-4614-a138-e9999a55b382\"},\"Type\":\"TransferContactToQueue\"},{\"Identifier\":\"8e32b3b8-98d0-4614-a138-e9999a55b382\",\"Parameters\":{},\"Transitions\":{},\"Type\":\"DisconnectParticipant\"}],\"Metadata\":{\"ActionMetadata\":{\"3ba86427-44ee-4c18-9c11-f33ba8e65942\":{\"position\":{\"x\":672.8,\"y\":16}},\"44c598fe-2a67-4522-b3e9-6b6c09ae96b9\":{\"position\":{\"x\":140,\"y\":14.4}},\"616f94d7-de1d-4b2a-b503-cf37b9f9f6b5\":{\"position\":{\"x\":940.8,\"y\":15.2}},\"8b170d37-9ee6-4fea-b5d0-6fb2df662987\":{\"position\":{\"x\":676.8,\"y\":186.4}},\"8e32b3b8-98d0-4614-a138-e9999a55b382\":{\"position\":{\"x\":1230.4,\"y\":216.8}},\"afd69f71-a5c0-4df2-88b1-68611856b3fc\":{\"position\":{\"x\":676.8,\"y\":359.2}},\"cc927fd6-a3fd-437a-81d3-c38a5130468d\":{\"parameters\":{\"TimeLimitSeconds\":{\"unit\":60}},\"position\":{\"x\":395.2,\"y\":17.6},\"timeoutUnit\":{\"display\":\"Minutes\",\"value\":\"minute\"}}},\"Annotations\":[],\"description\":\"Disconnect flow for Cognigy Chat to Amazon Conenct Demo\",\"entryPointPosition\":{\"x\":14.4,\"y\":14.4},\"hash\":{},\"name\":\"Cognigy Disconnect Flow\",\"status\":\"published\",\"type\":\"contactFlow\"},\"StartAction\":\"44c598fe-2a67-4522-b3e9-6b6c09ae96b9\",\"Version\":\"2019-10-30\"}",
            "content_hash": null,
            "description": "Disconnect flow for Cognigy Chat to Amazon Conenct Demo",
            "filename": null,
            "id": "b97011d2-58db-4092-a32a-76e6b5a820ad:63341c06-fc53-4c96-b935-7a100dd4bbf4",
            "instance_id": "b97011d2-58db-4092-a32a-76e6b5a820ad",
            "name": "Cognigy Disconnect Flow",
            "region": "ap-southeast-1",
            "tags": {},
            "tags_all": {},
            "type": "CONTACT_FLOW"
          },
          "sensitive_attributes": [],
          "private": "bnVsbA==",
          "dependencies": [
            "aws_connect_instance.song"
          ],
          "create_before_destroy": true
        }
      ]
    },
    {
      "mode": "managed",
      "type": "aws_connect_contact_flow",
      "name": "inbound_flow",
      "provider": "provider[\"registry.terraform.io/hashicorp/aws\"]",
      "instances": [
        {
          "schema_version": 0,
          "attributes": {
            "arn": "arn:aws:connect:ap-southeast-1:117134819170:instance/b97011d2-58db-4092-a32a-76e6b5a820ad/contact-flow/4c48bd15-3919-43d0-ac4b-6d162810b23c",
            "contact_flow_id": "4c48bd15-3919-43d0-ac4b-6d162810b23c",
            "content": "{\"Actions\":[{\"Identifier\":\"Welcome Prompt\",\"Parameters\":{\"Text\":\"Welcome to Goliath National Bank, an agent will be with you shortly\"},\"Transitions\":{\"Errors\":[{\"ErrorType\":\"NoMatchingError\",\"NextAction\":\"9271dae1-f525-4127-a10d-de1f1818c47f\"}],\"NextAction\":\"9271dae1-f525-4127-a10d-de1f1818c47f\"},\"Type\":\"MessageParticipant\"},{\"Identifier\":\"9271dae1-f525-4127-a10d-de1f1818c47f\",\"Parameters\":{\"QueueId\":\"arn:aws:connect:ap-southeast-1:117134819170:instance/b97011d2-58db-4092-a32a-76e6b5a820ad/queue/b22b5b03-10ad-404d-ab41-cca08ff5b2ea\"},\"Transitions\":{\"Errors\":[{\"ErrorType\":\"NoMatchingError\",\"NextAction\":\"69a3836f-2aad-41c9-bd60-c14644639d3c\"}],\"NextAction\":\"69a3836f-2aad-41c9-bd60-c14644639d3c\"},\"Type\":\"UpdateContactTargetQueue\"},{\"Identifier\":\"69a3836f-2aad-41c9-bd60-c14644639d3c\",\"Parameters\":{},\"Transitions\":{\"Errors\":[{\"ErrorType\":\"QueueAtCapacity\",\"NextAction\":\"79c3f2c8-aa64-4d77-a13f-8d3b6b10d262\"},{\"ErrorType\":\"NoMatchingError\",\"NextAction\":\"79c3f2c8-aa64-4d77-a13f-8d3b6b10d262\"}],\"NextAction\":\"79c3f2c8-aa64-4d77-a13f-8d3b6b10d262\"},\"Type\":\"TransferContactToQueue\"},{\"Identifier\":\"79c3f2c8-aa64-4d77-a13f-8d3b6b10d262\",\"Parameters\":{},\"Transitions\":{},\"Type\":\"DisconnectParticipant\"},{\"Identifier\":\"6848ba2b-5e30-45a9-b54e-acf8814838a9\",\"Parameters\":{\"EventHooks\":{\"CustomerRemaining\":\"arn:aws:connect:ap-southeast-1:117134819170:instance/b97011d2-58db-4092-a32a-76e6b5a820ad/contact-flow/63341c06-fc53-4c96-b935-7a100dd4bbf4\"}},\"Transitions\":{\"Errors\":[{\"ErrorType\":\"NoMatchingError\",\"NextAction\":\"Welcome Prompt\"}],\"NextAction\":\"Welcome Prompt\"},\"Type\":\"UpdateContactEventHooks\"},{\"Identifier\":\"2d09a2d0-62e3-4d38-b48c-29921d328d39\",\"Parameters\":{\"FlowLoggingBehavior\":\"Enabled\"},\"Transitions\":{\"NextAction\":\"2ad21967-98e7-478d-b4cd-5f78a19ace0e\"},\"Type\":\"UpdateFlowLoggingBehavior\"},{\"Identifier\":\"2ad21967-98e7-478d-b4cd-5f78a19ace0e\",\"Parameters\":{\"EventHooks\":{\"CustomerQueue\":\"arn:aws:connect:ap-southeast-1:117134819170:instance/b97011d2-58db-4092-a32a-76e6b5a820ad/contact-flow/201c4a44-733e-4e7a-b107-24497e245569\"}},\"Transitions\":{\"Errors\":[{\"ErrorType\":\"NoMatchingError\",\"NextAction\":\"6848ba2b-5e30-45a9-b54e-acf8814838a9\"}],\"NextAction\":\"6848ba2b-5e30-45a9-b54e-acf8814838a9\"},\"Type\":\"UpdateContactEventHooks\"}],\"Metadata\":{\"ActionMetadata\":{\"2ad21967-98e7-478d-b4cd-5f78a19ace0e\":{\"contactFlow\":{\"id\":\"arn:aws:connect:ap-southeast-1:117134819170:instance/b97011d2-58db-4092-a32a-76e6b5a820ad/contact-flow/201c4a44-733e-4e7a-b107-24497e245569\",\"text\":\"Cognigy Customer Queue Flow\"},\"customerOrAgent\":true,\"parameters\":{\"EventHooks\":{\"CustomerQueue\":{\"displayName\":\"Cognigy Customer Queue Flow\"}}},\"position\":{\"x\":468.8,\"y\":32.8}},\"2d09a2d0-62e3-4d38-b48c-29921d328d39\":{\"position\":{\"x\":191.2,\"y\":47.2}},\"6848ba2b-5e30-45a9-b54e-acf8814838a9\":{\"contactFlow\":{\"id\":\"arn:aws:connect:ap-southeast-1:117134819170:instance/b97011d2-58db-4092-a32a-76e6b5a820ad/contact-flow/63341c06-fc53-4c96-b935-7a100dd4bbf4\",\"text\":\"Cognigy Disconnect Flow\"},\"parameters\":{\"EventHooks\":{\"CustomerRemaining\":{\"displayName\":\"Cognigy Disconnect Flow\"}}},\"position\":{\"x\":744,\"y\":32}},\"69a3836f-2aad-41c9-bd60-c14644639d3c\":{\"position\":{\"x\":1557.6,\"y\":25.6}},\"79c3f2c8-aa64-4d77-a13f-8d3b6b10d262\":{\"position\":{\"x\":1820,\"y\":36}},\"9271dae1-f525-4127-a10d-de1f1818c47f\":{\"parameters\":{\"QueueId\":{\"displayName\":\"sales\"}},\"position\":{\"x\":1294.4,\"y\":28},\"queue\":{\"text\":\"sales\"}},\"Welcome Prompt\":{\"isFriendlyName\":true,\"position\":{\"x\":1000.8,\"y\":32}}},\"Annotations\":[],\"description\":\"Inbound flow for Cognigy Chat to Amazon Conenct Demo\",\"entryPointPosition\":{\"x\":40,\"y\":40},\"hash\":{},\"name\":\"Cognigy Inbound Flow\",\"status\":\"published\",\"type\":\"contactFlow\"},\"StartAction\":\"2d09a2d0-62e3-4d38-b48c-29921d328d39\",\"Version\":\"2019-10-30\"}",
            "content_hash": null,
            "description": "Inbound flow for Cognigy Chat to Amazon Conenct Demo",
            "filename": null,
            "id": "b97011d2-58db-4092-a32a-76e6b5a820ad:4c48bd15-3919-43d0-ac4b-6d162810b23c",
            "instance_id": "b97011d2-58db-4092-a32a-76e6b5a820ad",
            "name": "Cognigy Inbound Flow",
            "region": "ap-southeast-1",
            "tags": {
              "Application": "Terraform",
              "Method": "Create",
              "Name": "Test Contact Flow"
            },
            "tags_all": {
              "Application": "Terraform",
              "Method": "Create",
              "Name": "Test Contact Flow"
            },
            "type": "CONTACT_FLOW"
          },
          "sensitive_attributes": [],
          "private": "bnVsbA==",
          "dependencies": [
            "aws_connect_contact_flow.customer_queue",
            "aws_connect_contact_flow.disconnect_flow",
            "aws_connect_hours_of_operation.song",
            "aws_connect_instance.song",
            "aws_connect_queue.sales",
            "data.aws_connect_contact_flow.default_outbound"
          ],
          "create_before_destroy": true
        }
      ]
    },
    {
      "mode": "managed",
      "type": "aws_connect_hours_of_operation",
      "name": "song",
      "provider": "provider[\"registry.terraform.io/hashicorp/aws\"]",
      "instances": [
        {
          "schema_version": 0,
          "attributes": {
            "arn": "arn:aws:connect:ap-southeast-1:117134819170:instance/b97011d2-58db-4092-a32a-76e6b5a820ad/operating-hours/0fb5e52f-aae8-4d51-bd25-9d2be6e8c0bf",
            "config": [
              {
                "day": "FRIDAY",
                "end_time": [
                  {
                    "hours": 17,
                    "minutes": 0
                  }
                ],
                "start_time": [
                  {
                    "hours": 9,
                    "minutes": 0
                  }
                ]
              },
              {
                "day": "MONDAY",
                "end_time": [
                  {
                    "hours": 18,
                    "minutes": 8
                  }
                ],
                "start_time": [
                  {
                    "hours": 8,
                    "minutes": 0
                  }
                ]
              },
              {
                "day": "SATURDAY",
                "end_time": [
                  {
                    "hours": 17,
                    "minutes": 0
                  }
                ],
                "start_time": [
                  {
                    "hours": 9,
                    "minutes": 0
                  }
                ]
              },
              {
                "day": "SUNDAY",
                "end_time": [
                  {
                    "hours": 17,
                    "minutes": 0
                  }
                ],
                "start_time": [
                  {
                    "hours": 9,
                    "minutes": 0
                  }
                ]
              },
              {
                "day": "THURSDAY",
                "end_time": [
                  {
                    "hours": 17,
                    "minutes": 0
                  }
                ],
                "start_time": [
                  {
                    "hours": 9,
                    "minutes": 0
                  }
                ]
              },
              {
                "day": "TUESDAY",
                "end_time": [
                  {
                    "hours": 17,
                    "minutes": 0
                  }
                ],
                "start_time": [
                  {
                    "hours": 9,
                    "minutes": 0
                  }
                ]
              },
              {
                "day": "WEDNESDAY",
                "end_time": [
                  {
                    "hours": 17,
                    "minutes": 0
                  }
                ],
                "start_time": [
                  {
                    "hours": 9,
                    "minutes": 0
                  }
                ]
              }
            ],
            "description": "Demo office hours",
            "hours_of_operation_id": "0fb5e52f-aae8-4d51-bd25-9d2be6e8c0bf",
            "id": "b97011d2-58db-4092-a32a-76e6b5a820ad:0fb5e52f-aae8-4d51-bd25-9d2be6e8c0bf",
            "instance_id": "b97011d2-58db-4092-a32a-76e6b5a820ad",
            "name": "Office Hours",
            "region": "ap-southeast-1",
            "tags": {
              "Name": "Example Hours of Operation"
            },
            "tags_all": {
              "Name": "Example Hours of Operation"
            },
            "time_zone": "Asia/Singapore"
          },
          "sensitive_attributes": [],
          "private": "bnVsbA==",
          "dependencies": [
            "aws_connect_instance.song"
          ],
          "create_before_destroy": true
        }
      ]
    },
    {
      "mode": "managed",
      "type": "aws_connect_instance",
      "name": "song",
      "provider": "provider[\"registry.terraform.io/hashicorp/aws\"]",
      "instances": [
        {
          "schema_version": 0,
          "attributes": {
            "arn": "arn:aws:connect:ap-southeast-1:117134819170:instance/b97011d2-58db-4092-a32a-76e6b5a820ad",
            "auto_resolve_best_voices_enabled": true,
            "contact_flow_logs_enabled": true,
            "contact_lens_enabled": false,
            "created_time": "2026-02-11T01:47:30Z",
            "directory_id": null,
            "early_media_enabled": true,
            "id": "b97011d2-58db-4092-a32a-76e6b5a820ad",
            "identity_management_type": "CONNECT_MANAGED",
            "inbound_calls_enabled": true,
            "instance_alias": "song",
            "multi_party_conference_enabled": false,
            "outbound_calls_enabled": true,
            "region": "ap-southeast-1",
            "service_role": "arn:aws:iam::117134819170:role/aws-service-role/connect.amazonaws.com/AWSServiceRoleForAmazonConnect_INyxo1NemwrV87NwA5mJ",
            "status": "ACTIVE",
            "tags": {},
            "tags_all": {},
            "timeouts": null
          },
          "sensitive_attributes": [],
          "private": "eyJlMmJmYjczMC1lY2FhLTExZTYtOGY4OC0zNDM2M2JjN2M0YzAiOnsiY3JlYXRlIjozMDAwMDAwMDAwMDAsImRlbGV0ZSI6MzAwMDAwMDAwMDAwfX0=",
          "create_before_destroy": true
        }
      ]
    },
    {
      "mode": "managed",
      "type": "aws_connect_instance_storage_config",
      "name": "attachments",
      "provider": "provider[\"registry.terraform.io/hashicorp/aws\"]",
      "instances": [
        {
          "schema_version": 0,
          "attributes": {
            "association_id": "2a3ccee82d1f07b26f8a5b677af9e88f6febcdf2832a0e0d21dab0bd3fbdbf3f",
            "id": "b97011d2-58db-4092-a32a-76e6b5a820ad:2a3ccee82d1f07b26f8a5b677af9e88f6febcdf2832a0e0d21dab0bd3fbdbf3f:ATTACHMENTS",
            "instance_id": "b97011d2-58db-4092-a32a-76e6b5a820ad",
            "region": "ap-southeast-1",
            "resource_type": "ATTACHMENTS",
            "storage_config": [
              {
                "kinesis_firehose_config": [],
                "kinesis_stream_config": [],
                "kinesis_video_stream_config": [],
                "s3_config": [
                  {
                    "bucket_name": "song-connect-recordings-transcripts",
                    "bucket_prefix": "attachments",
                    "encryption_config": []
                  }
                ],
                "storage_type": "S3"
              }
            ]
          },
          "sensitive_attributes": [],
          "private": "bnVsbA==",
          "dependencies": [
            "aws_connect_instance.song",
            "aws_s3_bucket.transcripts"
          ]
        }
      ]
    },
    {
      "mode": "managed",
      "type": "aws_connect_instance_storage_config",
      "name": "evaluations",
      "provider": "provider[\"registry.terraform.io/hashicorp/aws\"]",
      "instances": [
        {
          "schema_version": 0,
          "attributes": {
            "association_id": "d8d1ace0b3f1af09e2c8aaacb8dc97670f9b6f6f3678d1ff782def2170de2c7b",
            "id": "b97011d2-58db-4092-a32a-76e6b5a820ad:d8d1ace0b3f1af09e2c8aaacb8dc97670f9b6f6f3678d1ff782def2170de2c7b:CONTACT_EVALUATIONS",
            "instance_id": "b97011d2-58db-4092-a32a-76e6b5a820ad",
            "region": "ap-southeast-1",
            "resource_type": "CONTACT_EVALUATIONS",
            "storage_config": [
              {
                "kinesis_firehose_config": [],
                "kinesis_stream_config": [],
                "kinesis_video_stream_config": [],
                "s3_config": [
                  {
                    "bucket_name": "song-connect-recordings-transcripts",
                    "bucket_prefix": "contact_evaluations",
                    "encryption_config": []
                  }
                ],
                "storage_type": "S3"
              }
            ]
          },
          "sensitive_attributes": [],
          "private": "bnVsbA==",
          "dependencies": [
            "aws_connect_instance.song",
            "aws_s3_bucket.transcripts"
          ]
        }
      ]
    },
    {
      "mode": "managed",
      "type": "aws_connect_instance_storage_config",
      "name": "recordings",
      "provider": "provider[\"registry.terraform.io/hashicorp/aws\"]",
      "instances": [
        {
          "schema_version": 0,
          "attributes": {
            "association_id": "4ec169f506e4737e4584eafac9611c371c0409248643826c41aa2e6bf65bbdd8",
            "id": "b97011d2-58db-4092-a32a-76e6b5a820ad:4ec169f506e4737e4584eafac9611c371c0409248643826c41aa2e6bf65bbdd8:CALL_RECORDINGS",
            "instance_id": "b97011d2-58db-4092-a32a-76e6b5a820ad",
            "region": "ap-southeast-1",
            "resource_type": "CALL_RECORDINGS",
            "storage_config": [
              {
                "kinesis_firehose_config": [],
                "kinesis_stream_config": [],
                "kinesis_video_stream_config": [],
                "s3_config": [
                  {
                    "bucket_name": "song-connect-recordings-transcripts",
                    "bucket_prefix": "recordings",
                    "encryption_config": []
                  }
                ],
                "storage_type": "S3"
              }
            ]
          },
          "sensitive_attributes": [],
          "private": "bnVsbA==",
          "dependencies": [
            "aws_connect_instance.song",
            "aws_s3_bucket.transcripts"
          ]
        }
      ]
    },
    {
      "mode": "managed",
      "type": "aws_connect_instance_storage_config",
      "name": "reports",
      "provider": "provider[\"registry.terraform.io/hashicorp/aws\"]",
      "instances": [
        {
          "schema_version": 0,
          "attributes": {
            "association_id": "8890e5946478d9f65e1d2336fbdddff4a111f2497b2fa0f3cdb159201a75a519",
            "id": "b97011d2-58db-4092-a32a-76e6b5a820ad:8890e5946478d9f65e1d2336fbdddff4a111f2497b2fa0f3cdb159201a75a519:SCHEDULED_REPORTS",
            "instance_id": "b97011d2-58db-4092-a32a-76e6b5a820ad",
            "region": "ap-southeast-1",
            "resource_type": "SCHEDULED_REPORTS",
            "storage_config": [
              {
                "kinesis_firehose_config": [],
                "kinesis_stream_config": [],
                "kinesis_video_stream_config": [],
                "s3_config": [
                  {
                    "bucket_name": "song-connect-recordings-transcripts",
                    "bucket_prefix": "reports",
                    "encryption_config": []
                  }
                ],
                "storage_type": "S3"
              }
            ]
          },
          "sensitive_attributes": [],
          "private": "bnVsbA==",
          "dependencies": [
            "aws_connect_instance.song",
            "aws_s3_bucket.transcripts"
          ]
        }
      ]
    },
    {
      "mode": "managed",
      "type": "aws_connect_instance_storage_config",
      "name": "screen",
      "provider": "provider[\"registry.terraform.io/hashicorp/aws\"]",
      "instances": [
        {
          "schema_version": 0,
          "attributes": {
            "association_id": "44962728b884020d11b69828c87c8d47b38efbe85528b24c02e8e0d6208ad243",
            "id": "b97011d2-58db-4092-a32a-76e6b5a820ad:44962728b884020d11b69828c87c8d47b38efbe85528b24c02e8e0d6208ad243:SCREEN_RECORDINGS",
            "instance_id": "b97011d2-58db-4092-a32a-76e6b5a820ad",
            "region": "ap-southeast-1",
            "resource_type": "SCREEN_RECORDINGS",
            "storage_config": [
              {
                "kinesis_firehose_config": [],
                "kinesis_stream_config": [],
                "kinesis_video_stream_config": [],
                "s3_config": [
                  {
                    "bucket_name": "song-connect-recordings-transcripts",
                    "bucket_prefix": "screen_recordings",
                    "encryption_config": []
                  }
                ],
                "storage_type": "S3"
              }
            ]
          },
          "sensitive_attributes": [],
          "private": "bnVsbA==",
          "dependencies": [
            "aws_connect_instance.song",
            "aws_s3_bucket.transcripts"
          ]
        }
      ]
    },
    {
      "mode": "managed",
      "type": "aws_connect_instance_storage_config",
      "name": "transcripts",
      "provider": "provider[\"registry.terraform.io/hashicorp/aws\"]",
      "instances": [
        {
          "schema_version": 0,
          "attributes": {
            "association_id": "8e0db357cb589061d03634e34bfc5a4548d6be3bdba11da3f18a34e96ba4d45a",
            "id": "b97011d2-58db-4092-a32a-76e6b5a820ad:8e0db357cb589061d03634e34bfc5a4548d6be3bdba11da3f18a34e96ba4d45a:CHAT_TRANSCRIPTS",
            "instance_id": "b97011d2-58db-4092-a32a-76e6b5a820ad",
            "region": "ap-southeast-1",
            "resource_type": "CHAT_TRANSCRIPTS",
            "storage_config": [
              {
                "kinesis_firehose_config": [],
                "kinesis_stream_config": [],
                "kinesis_video_stream_config": [],
                "s3_config": [
                  {
                    "bucket_name": "song-connect-recordings-transcripts",
                    "bucket_prefix": "transcripts",
                    "encryption_config": []
                  }
                ],
                "storage_type": "S3"
              }
            ]
          },
          "sensitive_attributes": [],
          "private": "bnVsbA==",
          "dependencies": [
            "aws_connect_instance.song",
            "aws_s3_bucket.transcripts"
          ]
        }
      ]
    },
    {
      "mode": "managed",
      "type": "aws_connect_queue",
      "name": "sales",
      "provider": "provider[\"registry.terraform.io/hashicorp/aws\"]",
      "instances": [
        {
          "schema_version": 0,
          "attributes": {
            "arn": "arn:aws:connect:ap-southeast-1:117134819170:instance/b97011d2-58db-4092-a32a-76e6b5a820ad/queue/b22b5b03-10ad-404d-ab41-cca08ff5b2ea",
            "description": "sales",
            "hours_of_operation_id": "0fb5e52f-aae8-4d51-bd25-9d2be6e8c0bf",
            "id": "b97011d2-58db-4092-a32a-76e6b5a820ad:b22b5b03-10ad-404d-ab41-cca08ff5b2ea",
            "instance_id": "b97011d2-58db-4092-a32a-76e6b5a820ad",
            "max_contacts": 0,
            "name": "sales",
            "outbound_caller_config": [
              {
                "outbound_caller_id_name": "Accenture Song",
                "outbound_caller_id_number_id": "",
                "outbound_flow_id": "8b399489-dfdd-4517-8f61-af950da181be"
              }
            ],
            "queue_id": "b22b5b03-10ad-404d-ab41-cca08ff5b2ea",
            "quick_connect_ids": [],
            "region": "ap-southeast-1",
            "status": "ENABLED",
            "tags": {},
            "tags_all": {}
          },
          "sensitive_attributes": [],
          "private": "bnVsbA==",
          "dependencies": [
            "aws_connect_hours_of_operation.song",
            "aws_connect_instance.song",
            "data.aws_connect_contact_flow.default_outbound"
          ],
          "create_before_destroy": true
        }
      ]
    },
    {
      "mode": "managed",
      "type": "aws_iam_policy",
      "name": "lambda_cloudwatch",
      "provider": "provider[\"registry.terraform.io/hashicorp/aws\"]",
      "instances": [
        {
          "schema_version": 0,
          "attributes": {
            "arn": "arn:aws:iam::117134819170:policy/PolicyForCloudwatch",
            "attachment_count": 1,
            "delay_after_policy_creation_in_ms": null,
            "description": "Policy to allow Lambda to write to Cloudwatch on each invokation",
            "id": "arn:aws:iam::117134819170:policy/PolicyForCloudwatch",
            "name": "PolicyForCloudwatch",
            "name_prefix": "",
            "path": "/",
            "policy": "{\"Statement\":[{\"Action\":[\"logs:CreateLogGroup\",\"logs:CreateLogStream\",\"logs:PutLogEvents\"],\"Effect\":\"Allow\",\"Resource\":\"arn:aws:logs:ap-southeast-1:117134819170:log-group:/aws/lambda/song_cognigy_escalation:*\",\"Sid\":\"AllowLambdaLogging\"}],\"Version\":\"2012-10-17\"}",
            "policy_id": "ANPARWROHP5RF34HQ7RX4",
            "tags": {},
            "tags_all": {}
          },
          "sensitive_attributes": [],
          "private": "bnVsbA==",
          "dependencies": [
            "aws_connect_contact_flow.customer_queue",
            "aws_connect_contact_flow.disconnect_flow",
            "aws_connect_contact_flow.inbound_flow",
            "aws_connect_hours_of_operation.song",
            "aws_connect_instance.song",
            "aws_connect_queue.sales",
            "aws_iam_role.iam_role_lambda_cognigy_escalation",
            "aws_lambda_function.lambda_cognigy_escalation",
            "aws_lambda_layer_version.lambda_layer_connect",
            "data.aws_connect_contact_flow.default_outbound"
          ]
        }
      ]
    },
    {
      "mode": "managed",
      "type": "aws_iam_role",
      "name": "iam_role_lambda_cognigy_escalation",
      "provider": "provider[\"registry.terraform.io/hashicorp/aws\"]",
      "instances": [
        {
          "schema_version": 0,
          "attributes": {
            "arn": "arn:aws:iam::117134819170:role/RoleForLamdaCognigyEscalation",
            "assume_role_policy": "{\"Statement\":[{\"Action\":\"sts:AssumeRole\",\"Effect\":\"Allow\",\"Principal\":{\"Service\":\"lambda.amazonaws.com\"}}],\"Version\":\"2012-10-17\"}",
            "create_date": "2026-02-11T02:32:59Z",
            "description": "",
            "force_detach_policies": false,
            "id": "RoleForLamdaCognigyEscalation",
            "inline_policy": [],
            "managed_policy_arns": [
              "arn:aws:iam::117134819170:policy/PolicyForCloudwatch",
              "arn:aws:iam::aws:policy/AmazonConnect_FullAccess"
            ],
            "max_session_duration": 3600,
            "name": "RoleForLamdaCognigyEscalation",
            "name_prefix": "",
            "path": "/",
            "permissions_boundary": "",
            "tags": {},
            "tags_all": {},
            "unique_id": "AROARWROHP5RHCZKPZYOJ"
          },
          "sensitive_attributes": [],
          "private": "bnVsbA==",
          "create_before_destroy": true
        }
      ]
    },
    {
      "mode": "managed",
      "type": "aws_iam_role_policy_attachment",
      "name": "lambda_cloudwatch",
      "provider": "provider[\"registry.terraform.io/hashicorp/aws\"]",
      "instances": [
        {
          "schema_version": 0,
          "attributes": {
            "id": "RoleForLamdaCognigyEscalation/arn:aws:iam::117134819170:policy/PolicyForCloudwatch",
            "policy_arn": "arn:aws:iam::117134819170:policy/PolicyForCloudwatch",
            "role": "RoleForLamdaCognigyEscalation"
          },
          "sensitive_attributes": [],
          "private": "bnVsbA==",
          "dependencies": [
            "aws_connect_contact_flow.customer_queue",
            "aws_connect_contact_flow.disconnect_flow",
            "aws_connect_contact_flow.inbound_flow",
            "aws_connect_hours_of_operation.song",
            "aws_connect_instance.song",
            "aws_connect_queue.sales",
            "aws_iam_policy.lambda_cloudwatch",
            "aws_iam_role.iam_role_lambda_cognigy_escalation",
            "aws_lambda_function.lambda_cognigy_escalation",
            "aws_lambda_layer_version.lambda_layer_connect",
            "data.aws_connect_contact_flow.default_outbound"
          ]
        }
      ]
    },
    {
      "mode": "managed",
      "type": "aws_iam_role_policy_attachment",
      "name": "lambda_connect",
      "provider": "provider[\"registry.terraform.io/hashicorp/aws\"]",
      "instances": [
        {
          "schema_version": 0,
          "attributes": {
            "id": "RoleForLamdaCognigyEscalation/arn:aws:iam::aws:policy/AmazonConnect_FullAccess",
            "policy_arn": "arn:aws:iam::aws:policy/AmazonConnect_FullAccess",
            "role": "RoleForLamdaCognigyEscalation"
          },
          "sensitive_attributes": [],
          "private": "bnVsbA==",
          "dependencies": [
            "aws_iam_role.iam_role_lambda_cognigy_escalation"
          ]
        }
      ]
    },
    {
      "mode": "managed",
      "type": "aws_lambda_function",
      "name": "lambda_cognigy_escalation",
      "provider": "provider[\"registry.terraform.io/hashicorp/aws\"]",
      "instances": [
        {
          "schema_version": 0,
          "attributes": {
            "architectures": [
              "x86_64"
            ],
            "arn": "arn:aws:lambda:ap-southeast-1:117134819170:function:song_cognigy_escalation",
            "capacity_provider_config": [],
            "code_sha256": "ZZPr4LXNC83qrFD6OD8z2RG4NNE6+YdlJaN3jXQMYYI=",
            "code_signing_config_arn": "",
            "dead_letter_config": [],
            "description": "",
            "durable_config": [],
            "environment": [
              {
                "variables": {
                  "CONNECT_CONTACT_FLOW_ID": "4c48bd15-3919-43d0-ac4b-6d162810b23c",
                  "CONNECT_INSTANCE_ID": "b97011d2-58db-4092-a32a-76e6b5a820ad"
                }
              }
            ],
            "ephemeral_storage": [
              {
                "size": 512
              }
            ],
            "file_system_config": [],
            "filename": "lambda_cognigy_escalation.zip",
            "function_name": "song_cognigy_escalation",
            "handler": "index.handler",
            "id": "song_cognigy_escalation",
            "image_config": [],
            "image_uri": "",
            "invoke_arn": "arn:aws:apigateway:ap-southeast-1:lambda:path/2015-03-31/functions/arn:aws:lambda:ap-southeast-1:117134819170:function:song_cognigy_escalation/invocations",
            "kms_key_arn": "",
            "last_modified": "2026-02-11T03:03:01.407+0000",
            "layers": [
              "arn:aws:lambda:ap-southeast-1:117134819170:layer:cognigy_escalation:1"
            ],
            "logging_config": [
              {
                "application_log_level": "",
                "log_format": "Text",
                "log_group": "/aws/lambda/song_cognigy_escalation",
                "system_log_level": ""
              }
            ],
            "memory_size": 512,
            "package_type": "Zip",
            "publish": true,
            "publish_to": null,
            "qualified_arn": "arn:aws:lambda:ap-southeast-1:117134819170:function:song_cognigy_escalation:2",
            "qualified_invoke_arn": "arn:aws:apigateway:ap-southeast-1:lambda:path/2015-03-31/functions/arn:aws:lambda:ap-southeast-1:117134819170:function:song_cognigy_escalation:2/invocations",
            "region": "ap-southeast-1",
            "replace_security_groups_on_destroy": null,
            "replacement_security_group_ids": null,
            "reserved_concurrent_executions": -1,
            "response_streaming_invoke_arn": "arn:aws:apigateway:ap-southeast-1:lambda:path/2021-11-15/functions/arn:aws:lambda:ap-southeast-1:117134819170:function:song_cognigy_escalation/response-streaming-invocations",
            "role": "arn:aws:iam::117134819170:role/RoleForLamdaCognigyEscalation",
            "runtime": "nodejs22.x",
            "s3_bucket": null,
            "s3_key": null,
            "s3_object_version": null,
            "signing_job_arn": "",
            "signing_profile_version_arn": "",
            "skip_destroy": false,
            "snap_start": [],
            "source_code_hash": "",
            "source_code_size": 1864,
            "source_kms_key_arn": "",
            "tags": {},
            "tags_all": {},
            "tenancy_config": [],
            "timeout": 30,
            "timeouts": null,
            "tracing_config": [
              {
                "mode": "PassThrough"
              }
            ],
            "version": "2",
            "vpc_config": []
          },
          "sensitive_attributes": [],
          "private": "eyJlMmJmYjczMC1lY2FhLTExZTYtOGY4OC0zNDM2M2JjN2M0YzAiOnsiY3JlYXRlIjo2MDAwMDAwMDAwMDAsImRlbGV0ZSI6NjAwMDAwMDAwMDAwLCJ1cGRhdGUiOjYwMDAwMDAwMDAwMH19",
          "dependencies": [
            "aws_connect_contact_flow.customer_queue",
            "aws_connect_contact_flow.disconnect_flow",
            "aws_connect_contact_flow.inbound_flow",
            "aws_connect_hours_of_operation.song",
            "aws_connect_instance.song",
            "aws_connect_queue.sales",
            "aws_iam_role.iam_role_lambda_cognigy_escalation",
            "aws_lambda_layer_version.lambda_layer_connect",
            "data.aws_connect_contact_flow.default_outbound"
          ],
          "create_before_destroy": true
        }
      ]
    },
    {
      "mode": "managed",
      "type": "aws_lambda_layer_version",
      "name": "lambda_layer_connect",
      "provider": "provider[\"registry.terraform.io/hashicorp/aws\"]",
      "instances": [
        {
          "schema_version": 0,
          "attributes": {
            "arn": "arn:aws:lambda:ap-southeast-1:117134819170:layer:cognigy_escalation:1",
            "code_sha256": "cKtEcafKNfNCKr4G4UQh3oKX++ys7cJ7KkS7+8Y0VCU=",
            "compatible_architectures": [],
            "compatible_runtimes": [
              "nodejs22.x"
            ],
            "created_date": "2026-02-11T02:33:04.001+0000",
            "description": "",
            "filename": "lambda_layer.zip",
            "id": "arn:aws:lambda:ap-southeast-1:117134819170:layer:cognigy_escalation:1",
            "layer_arn": "arn:aws:lambda:ap-southeast-1:117134819170:layer:cognigy_escalation",
            "layer_name": "cognigy_escalation",
            "license_info": "",
            "region": "ap-southeast-1",
            "s3_bucket": null,
            "s3_key": null,
            "s3_object_version": null,
            "signing_job_arn": "",
            "signing_profile_version_arn": "",
            "skip_destroy": false,
            "source_code_hash": "",
            "source_code_size": 4550539,
            "version": "1"
          },
          "sensitive_attributes": [],
          "private": "bnVsbA==",
          "create_before_destroy": true
        }
      ]
    },
    {
      "mode": "managed",
      "type": "aws_lambda_permission",
      "name": "cognigy_escalation",
      "provider": "provider[\"registry.terraform.io/hashicorp/aws\"]",
      "instances": [
        {
          "schema_version": 0,
          "attributes": {
            "action": "lambda:InvokeFunction",
            "event_source_token": null,
            "function_name": "song_cognigy_escalation",
            "function_url_auth_type": null,
            "id": "AllowAPIGatewayInvoke_cognigy_escalation",
            "invoked_via_function_url": null,
            "principal": "apigateway.amazonaws.com",
            "principal_org_id": null,
            "qualifier": "",
            "region": "ap-southeast-1",
            "source_account": null,
            "source_arn": "arn:aws:execute-api:ap-southeast-1:117134819170:4ok4lit3qf/*/*/*",
            "statement_id": "AllowAPIGatewayInvoke_cognigy_escalation",
            "statement_id_prefix": ""
          },
          "sensitive_attributes": [],
          "private": "bnVsbA==",
          "dependencies": [
            "aws_api_gateway_rest_api.cognigy_escalation",
            "aws_connect_contact_flow.customer_queue",
            "aws_connect_contact_flow.disconnect_flow",
            "aws_connect_contact_flow.inbound_flow",
            "aws_connect_hours_of_operation.song",
            "aws_connect_instance.song",
            "aws_connect_queue.sales",
            "aws_iam_role.iam_role_lambda_cognigy_escalation",
            "aws_lambda_function.lambda_cognigy_escalation",
            "aws_lambda_layer_version.lambda_layer_connect",
            "data.aws_connect_contact_flow.default_outbound"
          ]
        }
      ]
    },
    {
      "mode": "managed",
      "type": "aws_s3_bucket",
      "name": "q",
      "provider": "provider[\"registry.terraform.io/hashicorp/aws\"]",
      "instances": [
        {
          "schema_version": 0,
          "attributes": {
            "acceleration_status": "",
            "acl": null,
            "arn": "arn:aws:s3:::song-connect-amazonq",
            "bucket": "song-connect-amazonq",
            "bucket_domain_name": "song-connect-amazonq.s3.amazonaws.com",
            "bucket_prefix": "",
            "bucket_region": "ap-southeast-1",
            "bucket_regional_domain_name": "song-connect-amazonq.s3.ap-southeast-1.amazonaws.com",
            "cors_rule": [],
            "force_destroy": false,
            "grant": [
              {
                "id": "6ecae179b56ffed747780e12c5e7feac87715f41ab2def7cdba28ba25e203211",
                "permissions": [
                  "FULL_CONTROL"
                ],
                "type": "CanonicalUser",
                "uri": ""
              }
            ],
            "hosted_zone_id": "Z3O0J2DXBE1FTB",
            "id": "song-connect-amazonq",
            "lifecycle_rule": [],
            "logging": [],
            "object_lock_configuration": [],
            "object_lock_enabled": false,
            "policy": "{\"Id\":\"ExamplePolicy\",\"Statement\":[{\"Action\":\"s3:*\",\"Condition\":{\"Bool\":{\"aws:SecureTransport\":\"false\"}},\"Effect\":\"Deny\",\"Principal\":\"*\",\"Resource\":[\"arn:aws:s3:::song-connect-amazonq\",\"arn:aws:s3:::song-connect-amazonq/*\"],\"Sid\":\"AllowSSLRequestsOnly\"}],\"Version\":\"2012-10-17\"}",
            "region": "ap-southeast-1",
            "replication_configuration": [],
            "request_payer": "BucketOwner",
            "server_side_encryption_configuration": [
              {
                "rule": [
                  {
                    "apply_server_side_encryption_by_default": [
                      {
                        "kms_master_key_id": "",
                        "sse_algorithm": "AES256"
                      }
                    ],
                    "bucket_key_enabled": false
                  }
                ]
              }
            ],
            "tags": {},
            "tags_all": {},
            "timeouts": null,
            "versioning": [
              {
                "enabled": false,
                "mfa_delete": false
              }
            ],
            "website": [],
            "website_domain": null,
            "website_endpoint": null
          },
          "sensitive_attributes": [],
          "private": "eyJlMmJmYjczMC1lY2FhLTExZTYtOGY4OC0zNDM2M2JjN2M0YzAiOnsiY3JlYXRlIjoxMjAwMDAwMDAwMDAwLCJkZWxldGUiOjM2MDAwMDAwMDAwMDAsInJlYWQiOjEyMDAwMDAwMDAwMDAsInVwZGF0ZSI6MTIwMDAwMDAwMDAwMH19"
        }
      ]
    },
    {
      "mode": "managed",
      "type": "aws_s3_bucket",
      "name": "transcripts",
      "provider": "provider[\"registry.terraform.io/hashicorp/aws\"]",
      "instances": [
        {
          "schema_version": 0,
          "attributes": {
            "acceleration_status": "",
            "acl": null,
            "arn": "arn:aws:s3:::song-connect-recordings-transcripts",
            "bucket": "song-connect-recordings-transcripts",
            "bucket_domain_name": "song-connect-recordings-transcripts.s3.amazonaws.com",
            "bucket_prefix": "",
            "bucket_region": "ap-southeast-1",
            "bucket_regional_domain_name": "song-connect-recordings-transcripts.s3.ap-southeast-1.amazonaws.com",
            "cors_rule": [],
            "force_destroy": false,
            "grant": [
              {
                "id": "6ecae179b56ffed747780e12c5e7feac87715f41ab2def7cdba28ba25e203211",
                "permissions": [
                  "FULL_CONTROL"
                ],
                "type": "CanonicalUser",
                "uri": ""
              }
            ],
            "hosted_zone_id": "Z3O0J2DXBE1FTB",
            "id": "song-connect-recordings-transcripts",
            "lifecycle_rule": [],
            "logging": [],
            "object_lock_configuration": [],
            "object_lock_enabled": false,
            "policy": "{\"Id\":\"ExamplePolicy\",\"Statement\":[{\"Action\":\"s3:*\",\"Condition\":{\"Bool\":{\"aws:SecureTransport\":\"false\"}},\"Effect\":\"Deny\",\"Principal\":\"*\",\"Resource\":[\"arn:aws:s3:::song-connect-recordings-transcripts\",\"arn:aws:s3:::song-connect-recordings-transcripts/*\"],\"Sid\":\"AllowSSLRequestsOnly\"}],\"Version\":\"2012-10-17\"}",
            "region": "ap-southeast-1",
            "replication_configuration": [],
            "request_payer": "BucketOwner",
            "server_side_encryption_configuration": [
              {
                "rule": [
                  {
                    "apply_server_side_encryption_by_default": [
                      {
                        "kms_master_key_id": "",
                        "sse_algorithm": "AES256"
                      }
                    ],
                    "bucket_key_enabled": false
                  }
                ]
              }
            ],
            "tags": {},
            "tags_all": {},
            "timeouts": null,
            "versioning": [
              {
                "enabled": false,
                "mfa_delete": false
              }
            ],
            "website": [],
            "website_domain": null,
            "website_endpoint": null
          },
          "sensitive_attributes": [],
          "private": "eyJlMmJmYjczMC1lY2FhLTExZTYtOGY4OC0zNDM2M2JjN2M0YzAiOnsiY3JlYXRlIjoxMjAwMDAwMDAwMDAwLCJkZWxldGUiOjM2MDAwMDAwMDAwMDAsInJlYWQiOjEyMDAwMDAwMDAwMDAsInVwZGF0ZSI6MTIwMDAwMDAwMDAwMH19"
        }
      ]
    }
  ],
  "check_results": null
}
